
Microsoft Visual Studio Solution File, Format Version 12.00
# Visual Studio Version 17
VisualStudioVersion = 17.14.36511.14
MinimumVisualStudioVersion = 10.0.40219.1
Project("{FAE04EC0-301F-11D3-BF4B-00C04F79EFBC}") = "CalculatorAPI", "CalculatorAPI\CalculatorAPI.csproj", "{A8F821B1-17A8-4B20-A8C2-2C44BD042AEC}"
EndProject
Project("{FAE04EC0-301F-11D3-BF4B-00C04F79EFBC}") = "CalculatorAPI.Tests", "CalculatorAPI.Tests\CalculatorAPI.Tests.csproj", "{6E7CB104-6068-470A-A506-D36AAB2F57DA}"
EndProject
Global
	GlobalSection(SolutionConfigurationPlatforms) = preSolution
		Debug|Any CPU = Debug|Any CPU
		Release|Any CPU = Release|Any CPU
	EndGlobalSection
	GlobalSection(ProjectConfigurationPlatforms) = postSolution
		{A8F821B1-17A8-4B20-A8C2-2C44BD042AEC}.Debug|Any CPU.ActiveCfg = Debug|Any CPU
		{A8F821B1-17A8-4B20-A8C2-2C44BD042AEC}.Debug|Any CPU.Build.0 = Debug|Any CPU
		{A8F821B1-17A8-4B20-A8C2-2C44BD042AEC}.Release|Any CPU.ActiveCfg = Release|Any CPU
		{A8F821B1-17A8-4B20-A8C2-2C44BD042AEC}.Release|Any CPU.Build.0 = Release|Any CPU
		{6E7CB104-6068-470A-A506-D36AAB2F57DA}.Debug|Any CPU.ActiveCfg = Debug|Any CPU
		{6E7CB104-6068-470A-A506-D36AAB2F57DA}.Debug|Any CPU.Build.0 = Debug|Any CPU
		{6E7CB104-6068-470A-A506-D36AAB2F57DA}.Release|Any CPU.ActiveCfg = Release|Any CPU
		{6E7CB104-6068-470A-A506-D36AAB2F57DA}.Release|Any CPU.Build.0 = Release|Any CPU
	EndGlobalSection
	GlobalSection(SolutionProperties) = preSolution
		HideSolutionNode = FALSE
	EndGlobalSection
	GlobalSection(ExtensibilityGlobals) = postSolution
		SolutionGuid = {9E1FBBE7-6BD4-4555-A461-DF0FB5340D05}
	EndGlobalSection
EndGlobal
